// !$*UTF8*$!
{
	archiveVersion = 1;
	classes = {
	};
	objectVersion = 46;
	objects = {

/* Begin PBXBuildFile section */
		422B20961849B8C2008F8BF5 /* CocoaSQLite.framework in Frameworks */ = {isa = PBXBuildFile; fileRef = 42E0D0CB1849B8A0007EDB27 /* CocoaSQLite.framework */; };
		422B20A81849B947008F8BF5 /* TypeExtensions.framework in Frameworks */ = {isa = PBXBuildFile; fileRef = 422B20A61849B941008F8BF5 /* TypeExtensions.framework */; };
		422B20A91849B95B008F8BF5 /* CocoaSQLite.framework in Frameworks */ = {isa = PBXBuildFile; fileRef = 42E0D0CB1849B8A0007EDB27 /* CocoaSQLite.framework */; };
		423ABAEB17A32238004F289D /* Cocoa.framework in Frameworks */ = {isa = PBXBuildFile; fileRef = 423ABAEA17A32238004F289D /* Cocoa.framework */; };
		423ABAF517A32238004F289D /* InfoPlist.strings in Resources */ = {isa = PBXBuildFile; fileRef = 423ABAF317A32238004F289D /* InfoPlist.strings */; };
		423ABAF917A32238004F289D /* CORMDefaults.m in Sources */ = {isa = PBXBuildFile; fileRef = 423ABAF817A32238004F289D /* CORMDefaults.m */; };
		426CA2DD1849C24400212CF3 /* ORDA.framework in Frameworks */ = {isa = PBXBuildFile; fileRef = 426CA2DC1849C24400212CF3 /* ORDA.framework */; };
		428D034F184836AC00303ED4 /* CORMTests.m in Sources */ = {isa = PBXBuildFile; fileRef = 423ABB0D17A32238004F289D /* CORMTests.m */; };
		42AF74011842A8F10006FFF2 /* CORM.h in Headers */ = {isa = PBXBuildFile; fileRef = 42AF74001842A8950006FFF2 /* CORM.h */; settings = {ATTRIBUTES = (Public, ); }; };
		42AF74071842A9690006FFF2 /* XCTest.framework in Frameworks */ = {isa = PBXBuildFile; fileRef = 42EC295A1840471E00AA5BDA /* XCTest.framework */; };
		42AF74161842AA880006FFF2 /* CORM.framework in Frameworks */ = {isa = PBXBuildFile; fileRef = 423ABAE717A32238004F289D /* CORM.framework */; };
		42AF741A1842AAA10006FFF2 /* Track.m in Sources */ = {isa = PBXBuildFile; fileRef = 42B00C2117C6BC58000B13E7 /* Track.m */; };
		42AF741B1842AAA40006FFF2 /* Album.m in Sources */ = {isa = PBXBuildFile; fileRef = 42B00C1E17C6BC4E000B13E7 /* Album.m */; };
		42B00B7517C6680F000B13E7 /* CORMDefaults.h in Headers */ = {isa = PBXBuildFile; fileRef = 423ABAF717A32238004F289D /* CORMDefaults.h */; settings = {ATTRIBUTES = (Public, ); }; };
		42B00C3017C6C649000B13E7 /* README.md in Resources */ = {isa = PBXBuildFile; fileRef = 42B00C2B17C6C543000B13E7 /* README.md */; };
		42B00C3217C6C652000B13E7 /* LICENSE in Resources */ = {isa = PBXBuildFile; fileRef = 42B00C3117C6C652000B13E7 /* LICENSE */; };
		42D190451849A489002EC23A /* .travis.yml in Resources */ = {isa = PBXBuildFile; fileRef = 42D190441849A489002EC23A /* .travis.yml */; };
		42F326A617CEBA6A00963954 /* CORMEntity.h in Headers */ = {isa = PBXBuildFile; fileRef = 42F326A517CEBA6A00963954 /* CORMEntity.h */; settings = {ATTRIBUTES = (Public, ); }; };
		42F326B517CEBA7300963954 /* CORMEntityDict.h in Headers */ = {isa = PBXBuildFile; fileRef = 42F326A717CEBA7300963954 /* CORMEntityDict.h */; };
		42F326B617CEBA7300963954 /* CORMEntityDict.m in Sources */ = {isa = PBXBuildFile; fileRef = 42F326A817CEBA7300963954 /* CORMEntityDict.m */; };
		42F326B717CEBA7300963954 /* CORMEntityImpl.h in Headers */ = {isa = PBXBuildFile; fileRef = 42F326A917CEBA7300963954 /* CORMEntityImpl.h */; settings = {ATTRIBUTES = (Public, ); }; };
		42F326B817CEBA7300963954 /* CORMEntityImpl.m in Sources */ = {isa = PBXBuildFile; fileRef = 42F326AA17CEBA7300963954 /* CORMEntityImpl.m */; };
		42F326BA17CEBA7300963954 /* CORMEntityProxy.h in Headers */ = {isa = PBXBuildFile; fileRef = 42F326AC17CEBA7300963954 /* CORMEntityProxy.h */; };
		42F326BB17CEBA7300963954 /* CORMEntityProxy.m in Sources */ = {isa = PBXBuildFile; fileRef = 42F326AD17CEBA7300963954 /* CORMEntityProxy.m */; };
		42F326BC17CEBA7300963954 /* CORMFactoryImpl.h in Headers */ = {isa = PBXBuildFile; fileRef = 42F326AE17CEBA7300963954 /* CORMFactoryImpl.h */; };
		42F326BD17CEBA7300963954 /* CORMFactoryImpl.m in Sources */ = {isa = PBXBuildFile; fileRef = 42F326AF17CEBA7300963954 /* CORMFactoryImpl.m */; };
		42F326BE17CEBA7300963954 /* CORMFactoryImpl+Private.h in Headers */ = {isa = PBXBuildFile; fileRef = 42F326B017CEBA7300963954 /* CORMFactoryImpl+Private.h */; };
		42F326BF17CEBA7300963954 /* CORMKey.h in Headers */ = {isa = PBXBuildFile; fileRef = 42F326B117CEBA7300963954 /* CORMKey.h */; settings = {ATTRIBUTES = (Public, ); }; };
		42F326C017CEBA7300963954 /* CORMKey.m in Sources */ = {isa = PBXBuildFile; fileRef = 42F326B217CEBA7300963954 /* CORMKey.m */; };
		42F326C117CEBA7300963954 /* CORMStore.h in Headers */ = {isa = PBXBuildFile; fileRef = 42F326B317CEBA7300963954 /* CORMStore.h */; settings = {ATTRIBUTES = (Public, ); }; };
		42F326C217CEBA7300963954 /* CORMStore.m in Sources */ = {isa = PBXBuildFile; fileRef = 42F326B417CEBA7300963954 /* CORMStore.m */; };
		42F326C417CEBB7200963954 /* CORMFactory.h in Headers */ = {isa = PBXBuildFile; fileRef = 42F326C317CEBA9F00963954 /* CORMFactory.h */; settings = {ATTRIBUTES = (Public, ); }; };
/* End PBXBuildFile section */

/* Begin PBXContainerItemProxy section */
		42AF74111842A96A0006FFF2 /* PBXContainerItemProxy */ = {
			isa = PBXContainerItemProxy;
			containerPortal = 423ABADE17A32238004F289D /* Project object */;
			proxyType = 1;
			remoteGlobalIDString = 423ABAE617A32238004F289D;
			remoteInfo = CORM;
		};
		42E0D0CA1849B8A0007EDB27 /* PBXContainerItemProxy */ = {
			isa = PBXContainerItemProxy;
			containerPortal = 42E0D0C21849B8A0007EDB27 /* CocoaSQLite.xcodeproj */;
			proxyType = 2;
			remoteGlobalIDString = 4290EFC218498E2700C67769;
			remoteInfo = CocoaSQLite;
		};
		42E0D0CC1849B8A0007EDB27 /* PBXContainerItemProxy */ = {
			isa = PBXContainerItemProxy;
			containerPortal = 42E0D0C21849B8A0007EDB27 /* CocoaSQLite.xcodeproj */;
			proxyType = 2;
			remoteGlobalIDString = 4290EFD918498E2700C67769;
			remoteInfo = CocoaSQLiteTests;
		};
/* End PBXContainerItemProxy section */

/* Begin PBXFileReference section */
		422B20A61849B941008F8BF5 /* TypeExtensions.framework */ = {isa = PBXFileReference; lastKnownFileType = wrapper.framework; name = TypeExtensions.framework; path = DerivedData/Build/Products/Debug/TypeExtensions.framework; sourceTree = "<group>"; };
		423ABAE717A32238004F289D /* CORM.framework */ = {isa = PBXFileReference; explicitFileType = wrapper.framework; includeInIndex = 0; path = CORM.framework; sourceTree = BUILT_PRODUCTS_DIR; };
		423ABAEA17A32238004F289D /* Cocoa.framework */ = {isa = PBXFileReference; lastKnownFileType = wrapper.framework; name = Cocoa.framework; path = System/Library/Frameworks/Cocoa.framework; sourceTree = SDKROOT; };
		423ABAED17A32238004F289D /* AppKit.framework */ = {isa = PBXFileReference; lastKnownFileType = wrapper.framework; name = AppKit.framework; path = System/Library/Frameworks/AppKit.framework; sourceTree = SDKROOT; };
		423ABAEE17A32238004F289D /* CoreData.framework */ = {isa = PBXFileReference; lastKnownFileType = wrapper.framework; name = CoreData.framework; path = System/Library/Frameworks/CoreData.framework; sourceTree = SDKROOT; };
		423ABAEF17A32238004F289D /* Foundation.framework */ = {isa = PBXFileReference; lastKnownFileType = wrapper.framework; name = Foundation.framework; path = System/Library/Frameworks/Foundation.framework; sourceTree = SDKROOT; };
		423ABAF217A32238004F289D /* CORM-Info.plist */ = {isa = PBXFileReference; lastKnownFileType = text.plist.xml; path = "CORM-Info.plist"; sourceTree = "<group>"; };
		423ABAF417A32238004F289D /* en */ = {isa = PBXFileReference; lastKnownFileType = text.plist.strings; name = en; path = en.lproj/InfoPlist.strings; sourceTree = "<group>"; };
		423ABAF617A32238004F289D /* CORM-Prefix.pch */ = {isa = PBXFileReference; lastKnownFileType = sourcecode.c.h; path = "CORM-Prefix.pch"; sourceTree = "<group>"; };
		423ABAF717A32238004F289D /* CORMDefaults.h */ = {isa = PBXFileReference; lastKnownFileType = sourcecode.c.h; path = CORMDefaults.h; sourceTree = "<group>"; };
		423ABAF817A32238004F289D /* CORMDefaults.m */ = {isa = PBXFileReference; lastKnownFileType = sourcecode.c.objc; path = CORMDefaults.m; sourceTree = "<group>"; };
		423ABB0817A32238004F289D /* CORMTests-Info.plist */ = {isa = PBXFileReference; lastKnownFileType = text.plist.xml; path = "CORMTests-Info.plist"; sourceTree = "<group>"; };
		423ABB0A17A32238004F289D /* en */ = {isa = PBXFileReference; lastKnownFileType = text.plist.strings; name = en; path = en.lproj/InfoPlist.strings; sourceTree = "<group>"; };
		423ABB0D17A32238004F289D /* CORMTests.m */ = {isa = PBXFileReference; lastKnownFileType = sourcecode.c.objc; path = CORMTests.m; sourceTree = "<group>"; };
		426CA2DC1849C24400212CF3 /* ORDA.framework */ = {isa = PBXFileReference; lastKnownFileType = wrapper.framework; name = ORDA.framework; path = DerivedData/Build/Products/Debug/ORDA.framework; sourceTree = "<group>"; };
		428D033918440E6300303ED4 /* CORMEntityImpl+Private.h */ = {isa = PBXFileReference; lastKnownFileType = sourcecode.c.h; name = "CORMEntityImpl+Private.h"; path = "Implementation/CORMEntityImpl+Private.h"; sourceTree = "<group>"; };
		42AF74001842A8950006FFF2 /* CORM.h */ = {isa = PBXFileReference; lastKnownFileType = sourcecode.c.h; path = CORM.h; sourceTree = "<group>"; };
		42AF74061842A9690006FFF2 /* CORMTests.xctest */ = {isa = PBXFileReference; explicitFileType = wrapper.cfbundle; includeInIndex = 0; path = CORMTests.xctest; sourceTree = BUILT_PRODUCTS_DIR; };
		42B00C1D17C6BC4E000B13E7 /* Album.h */ = {isa = PBXFileReference; fileEncoding = 4; lastKnownFileType = sourcecode.c.h; path = Album.h; sourceTree = "<group>"; };
		42B00C1E17C6BC4E000B13E7 /* Album.m */ = {isa = PBXFileReference; fileEncoding = 4; lastKnownFileType = sourcecode.c.objc; path = Album.m; sourceTree = "<group>"; };
		42B00C2017C6BC58000B13E7 /* Track.h */ = {isa = PBXFileReference; fileEncoding = 4; lastKnownFileType = sourcecode.c.h; path = Track.h; sourceTree = "<group>"; };
		42B00C2117C6BC58000B13E7 /* Track.m */ = {isa = PBXFileReference; fileEncoding = 4; lastKnownFileType = sourcecode.c.objc; path = Track.m; sourceTree = "<group>"; };
		42B00C2B17C6C543000B13E7 /* README.md */ = {isa = PBXFileReference; fileEncoding = 4; lastKnownFileType = text; path = README.md; sourceTree = "<group>"; };
		42B00C3117C6C652000B13E7 /* LICENSE */ = {isa = PBXFileReference; fileEncoding = 4; lastKnownFileType = text; path = LICENSE; sourceTree = "<group>"; };
		42D190441849A489002EC23A /* .travis.yml */ = {isa = PBXFileReference; fileEncoding = 4; lastKnownFileType = text; path = .travis.yml; sourceTree = "<group>"; };
		42E0D0C21849B8A0007EDB27 /* CocoaSQLite.xcodeproj */ = {isa = PBXFileReference; lastKnownFileType = "wrapper.pb-project"; name = CocoaSQLite.xcodeproj; path = Include/CocoaSQLite/CocoaSQLite.xcodeproj; sourceTree = "<group>"; };
		42EC295A1840471E00AA5BDA /* XCTest.framework */ = {isa = PBXFileReference; lastKnownFileType = wrapper.framework; name = XCTest.framework; path = Library/Frameworks/XCTest.framework; sourceTree = DEVELOPER_DIR; };
		42F326A517CEBA6A00963954 /* CORMEntity.h */ = {isa = PBXFileReference; fileEncoding = 4; lastKnownFileType = sourcecode.c.h; name = CORMEntity.h; path = Specification/CORMEntity.h; sourceTree = "<group>"; };
		42F326A717CEBA7300963954 /* CORMEntityDict.h */ = {isa = PBXFileReference; fileEncoding = 4; lastKnownFileType = sourcecode.c.h; name = CORMEntityDict.h; path = Implementation/CORMEntityDict.h; sourceTree = "<group>"; };
		42F326A817CEBA7300963954 /* CORMEntityDict.m */ = {isa = PBXFileReference; fileEncoding = 4; lastKnownFileType = sourcecode.c.objc; name = CORMEntityDict.m; path = Implementation/CORMEntityDict.m; sourceTree = "<group>"; };
		42F326A917CEBA7300963954 /* CORMEntityImpl.h */ = {isa = PBXFileReference; fileEncoding = 4; lastKnownFileType = sourcecode.c.h; name = CORMEntityImpl.h; path = Implementation/CORMEntityImpl.h; sourceTree = "<group>"; };
		42F326AA17CEBA7300963954 /* CORMEntityImpl.m */ = {isa = PBXFileReference; fileEncoding = 4; lastKnownFileType = sourcecode.c.objc; name = CORMEntityImpl.m; path = Implementation/CORMEntityImpl.m; sourceTree = "<group>"; };
		42F326AC17CEBA7300963954 /* CORMEntityProxy.h */ = {isa = PBXFileReference; fileEncoding = 4; lastKnownFileType = sourcecode.c.h; name = CORMEntityProxy.h; path = Implementation/CORMEntityProxy.h; sourceTree = "<group>"; };
		42F326AD17CEBA7300963954 /* CORMEntityProxy.m */ = {isa = PBXFileReference; fileEncoding = 4; lastKnownFileType = sourcecode.c.objc; name = CORMEntityProxy.m; path = Implementation/CORMEntityProxy.m; sourceTree = "<group>"; };
		42F326AE17CEBA7300963954 /* CORMFactoryImpl.h */ = {isa = PBXFileReference; fileEncoding = 4; lastKnownFileType = sourcecode.c.h; name = CORMFactoryImpl.h; path = Implementation/CORMFactoryImpl.h; sourceTree = "<group>"; };
		42F326AF17CEBA7300963954 /* CORMFactoryImpl.m */ = {isa = PBXFileReference; fileEncoding = 4; lastKnownFileType = sourcecode.c.objc; name = CORMFactoryImpl.m; path = Implementation/CORMFactoryImpl.m; sourceTree = "<group>"; };
		42F326B017CEBA7300963954 /* CORMFactoryImpl+Private.h */ = {isa = PBXFileReference; fileEncoding = 4; lastKnownFileType = sourcecode.c.h; name = "CORMFactoryImpl+Private.h"; path = "Implementation/CORMFactoryImpl+Private.h"; sourceTree = "<group>"; };
		42F326B117CEBA7300963954 /* CORMKey.h */ = {isa = PBXFileReference; fileEncoding = 4; lastKnownFileType = sourcecode.c.h; name = CORMKey.h; path = Implementation/CORMKey.h; sourceTree = "<group>"; };
		42F326B217CEBA7300963954 /* CORMKey.m */ = {isa = PBXFileReference; fileEncoding = 4; lastKnownFileType = sourcecode.c.objc; name = CORMKey.m; path = Implementation/CORMKey.m; sourceTree = "<group>"; };
		42F326B317CEBA7300963954 /* CORMStore.h */ = {isa = PBXFileReference; fileEncoding = 4; lastKnownFileType = sourcecode.c.h; name = CORMStore.h; path = Implementation/CORMStore.h; sourceTree = "<group>"; };
		42F326B417CEBA7300963954 /* CORMStore.m */ = {isa = PBXFileReference; fileEncoding = 4; lastKnownFileType = sourcecode.c.objc; name = CORMStore.m; path = Implementation/CORMStore.m; sourceTree = "<group>"; };
		42F326C317CEBA9F00963954 /* CORMFactory.h */ = {isa = PBXFileReference; lastKnownFileType = sourcecode.c.h; name = CORMFactory.h; path = Specification/CORMFactory.h; sourceTree = "<group>"; };
/* End PBXFileReference section */

/* Begin PBXFrameworksBuildPhase section */
		423ABAE317A32238004F289D /* Frameworks */ = {
			isa = PBXFrameworksBuildPhase;
			buildActionMask = 2147483647;
			files = (
				423ABAEB17A32238004F289D /* Cocoa.framework in Frameworks */,
				422B20961849B8C2008F8BF5 /* CocoaSQLite.framework in Frameworks */,
				422B20A81849B947008F8BF5 /* TypeExtensions.framework in Frameworks */,
			);
			runOnlyForDeploymentPostprocessing = 0;
		};
		42AF74031842A9690006FFF2 /* Frameworks */ = {
			isa = PBXFrameworksBuildPhase;
			buildActionMask = 2147483647;
			files = (
				42AF74161842AA880006FFF2 /* CORM.framework in Frameworks */,
				422B20A91849B95B008F8BF5 /* CocoaSQLite.framework in Frameworks */,
				42AF74071842A9690006FFF2 /* XCTest.framework in Frameworks */,
				426CA2DD1849C24400212CF3 /* ORDA.framework in Frameworks */,
			);
			runOnlyForDeploymentPostprocessing = 0;
		};
/* End PBXFrameworksBuildPhase section */

/* Begin PBXGroup section */
		423ABADD17A32238004F289D = {
			isa = PBXGroup;
			children = (
				42E0D0C11849B804007EDB27 /* Other */,
				423ABAF017A32238004F289D /* CORM */,
				423ABB0617A32238004F289D /* CORMTests */,
				423ABAE917A32238004F289D /* Frameworks */,
				423ABAE817A32238004F289D /* Products */,
			);
			sourceTree = "<group>";
		};
		423ABAE817A32238004F289D /* Products */ = {
			isa = PBXGroup;
			children = (
				423ABAE717A32238004F289D /* CORM.framework */,
				42AF74061842A9690006FFF2 /* CORMTests.xctest */,
			);
			name = Products;
			sourceTree = "<group>";
		};
		423ABAE917A32238004F289D /* Frameworks */ = {
			isa = PBXGroup;
			children = (
				426CA2DC1849C24400212CF3 /* ORDA.framework */,
				422B20A61849B941008F8BF5 /* TypeExtensions.framework */,
				42EC295A1840471E00AA5BDA /* XCTest.framework */,
				423ABAEA17A32238004F289D /* Cocoa.framework */,
				423ABAEC17A32238004F289D /* Other Frameworks */,
			);
			name = Frameworks;
			sourceTree = "<group>";
		};
		423ABAEC17A32238004F289D /* Other Frameworks */ = {
			isa = PBXGroup;
			children = (
				423ABAED17A32238004F289D /* AppKit.framework */,
				423ABAEE17A32238004F289D /* CoreData.framework */,
				423ABAEF17A32238004F289D /* Foundation.framework */,
			);
			name = "Other Frameworks";
			sourceTree = "<group>";
		};
		423ABAF017A32238004F289D /* CORM */ = {
			isa = PBXGroup;
			children = (
				42AF74001842A8950006FFF2 /* CORM.h */,
				423ABAF717A32238004F289D /* CORMDefaults.h */,
				423ABAF817A32238004F289D /* CORMDefaults.m */,
				42F326A317CEB9F000963954 /* Specification */,
				42F326A417CEB9FB00963954 /* Implementation */,
				423ABAF117A32238004F289D /* Supporting Files */,
			);
			path = CORM;
			sourceTree = "<group>";
		};
		423ABAF117A32238004F289D /* Supporting Files */ = {
			isa = PBXGroup;
			children = (
				423ABAF217A32238004F289D /* CORM-Info.plist */,
				423ABAF317A32238004F289D /* InfoPlist.strings */,
				423ABAF617A32238004F289D /* CORM-Prefix.pch */,
			);
			name = "Supporting Files";
			sourceTree = "<group>";
		};
		423ABB0617A32238004F289D /* CORMTests */ = {
			isa = PBXGroup;
			children = (
				42B00C2017C6BC58000B13E7 /* Track.h */,
				42B00C2117C6BC58000B13E7 /* Track.m */,
				42B00C1D17C6BC4E000B13E7 /* Album.h */,
				42B00C1E17C6BC4E000B13E7 /* Album.m */,
				423ABB0D17A32238004F289D /* CORMTests.m */,
				423ABB0717A32238004F289D /* Supporting Files */,
			);
			path = CORMTests;
			sourceTree = "<group>";
		};
		423ABB0717A32238004F289D /* Supporting Files */ = {
			isa = PBXGroup;
			children = (
				423ABB0817A32238004F289D /* CORMTests-Info.plist */,
				423ABB0917A32238004F289D /* InfoPlist.strings */,
			);
			name = "Supporting Files";
			sourceTree = "<group>";
		};
		42E0D0C11849B804007EDB27 /* Other */ = {
			isa = PBXGroup;
			children = (
				42D190441849A489002EC23A /* .travis.yml */,
				42B00C3117C6C652000B13E7 /* LICENSE */,
				42B00C2B17C6C543000B13E7 /* README.md */,
				42E0D0C21849B8A0007EDB27 /* CocoaSQLite.xcodeproj */,
			);
			name = Other;
			sourceTree = "<group>";
		};
		42E0D0C31849B8A0007EDB27 /* Products */ = {
			isa = PBXGroup;
			children = (
				42E0D0CB1849B8A0007EDB27 /* CocoaSQLite.framework */,
				42E0D0CD1849B8A0007EDB27 /* CocoaSQLiteTests.xctest */,
			);
			name = Products;
			sourceTree = "<group>";
		};
		42F326A317CEB9F000963954 /* Specification */ = {
			isa = PBXGroup;
			children = (
				42F326A517CEBA6A00963954 /* CORMEntity.h */,
				42F326C317CEBA9F00963954 /* CORMFactory.h */,
			);
			name = Specification;
			sourceTree = "<group>";
		};
		42F326A417CEB9FB00963954 /* Implementation */ = {
			isa = PBXGroup;
			children = (
				42F326B317CEBA7300963954 /* CORMStore.h */,
				42F326B417CEBA7300963954 /* CORMStore.m */,
				42F326B117CEBA7300963954 /* CORMKey.h */,
				42F326B217CEBA7300963954 /* CORMKey.m */,
				42F326AE17CEBA7300963954 /* CORMFactoryImpl.h */,
				42F326B017CEBA7300963954 /* CORMFactoryImpl+Private.h */,
				42F326AF17CEBA7300963954 /* CORMFactoryImpl.m */,
				42F326A717CEBA7300963954 /* CORMEntityDict.h */,
				42F326A817CEBA7300963954 /* CORMEntityDict.m */,
				42F326A917CEBA7300963954 /* CORMEntityImpl.h */,
				428D033918440E6300303ED4 /* CORMEntityImpl+Private.h */,
				42F326AA17CEBA7300963954 /* CORMEntityImpl.m */,
				42F326AC17CEBA7300963954 /* CORMEntityProxy.h */,
				42F326AD17CEBA7300963954 /* CORMEntityProxy.m */,
			);
			name = Implementation;
			sourceTree = "<group>";
		};
/* End PBXGroup section */

/* Begin PBXHeadersBuildPhase section */
		423ABAE417A32238004F289D /* Headers */ = {
			isa = PBXHeadersBuildPhase;
			buildActionMask = 2147483647;
			files = (
				42AF74011842A8F10006FFF2 /* CORM.h in Headers */,
				42B00B7517C6680F000B13E7 /* CORMDefaults.h in Headers */,
				42F326C117CEBA7300963954 /* CORMStore.h in Headers */,
				42F326C417CEBB7200963954 /* CORMFactory.h in Headers */,
				42F326BF17CEBA7300963954 /* CORMKey.h in Headers */,
				42F326A617CEBA6A00963954 /* CORMEntity.h in Headers */,
				42F326B717CEBA7300963954 /* CORMEntityImpl.h in Headers */,
				42F326B517CEBA7300963954 /* CORMEntityDict.h in Headers */,
				42F326BA17CEBA7300963954 /* CORMEntityProxy.h in Headers */,
				42F326BC17CEBA7300963954 /* CORMFactoryImpl.h in Headers */,
				42F326BE17CEBA7300963954 /* CORMFactoryImpl+Private.h in Headers */,
			);
			runOnlyForDeploymentPostprocessing = 0;
		};
/* End PBXHeadersBuildPhase section */

/* Begin PBXNativeTarget section */
		423ABAE617A32238004F289D /* CORM */ = {
			isa = PBXNativeTarget;
			buildConfigurationList = 423ABB1117A32238004F289D /* Build configuration list for PBXNativeTarget "CORM" */;
			buildPhases = (
				423ABAE217A32238004F289D /* Sources */,
				423ABAE317A32238004F289D /* Frameworks */,
				423ABAE417A32238004F289D /* Headers */,
				423ABAE517A32238004F289D /* Resources */,
			);
			buildRules = (
			);
			dependencies = (
			);
			name = CORM;
			productName = CORM;
			productReference = 423ABAE717A32238004F289D /* CORM.framework */;
			productType = "com.apple.product-type.framework";
		};
		42AF74051842A9690006FFF2 /* CORMTests */ = {
			isa = PBXNativeTarget;
			buildConfigurationList = 42AF74131842A96A0006FFF2 /* Build configuration list for PBXNativeTarget "CORMTests" */;
			buildPhases = (
				42AF74021842A9690006FFF2 /* Sources */,
				42AF74031842A9690006FFF2 /* Frameworks */,
				42AF74041842A9690006FFF2 /* Resources */,
			);
			buildRules = (
			);
			dependencies = (
				42AF74121842A96A0006FFF2 /* PBXTargetDependency */,
			);
			name = CORMTests;
			productName = CORMTests;
			productReference = 42AF74061842A9690006FFF2 /* CORMTests.xctest */;
			productType = "com.apple.product-type.bundle.unit-test";
		};
/* End PBXNativeTarget section */

/* Begin PBXProject section */
		423ABADE17A32238004F289D /* Project object */ = {
			isa = PBXProject;
			attributes = {
				LastUpgradeCheck = 0500;
				ORGANIZATIONNAME = "Firelizzard Inventions";
				TargetAttributes = {
					42AF74051842A9690006FFF2 = {
						TestTargetID = 423ABAE617A32238004F289D;
					};
				};
			};
			buildConfigurationList = 423ABAE117A32238004F289D /* Build configuration list for PBXProject "CORM" */;
			compatibilityVersion = "Xcode 3.2";
			developmentRegion = English;
			hasScannedForEncodings = 0;
			knownRegions = (
				en,
			);
			mainGroup = 423ABADD17A32238004F289D;
			productRefGroup = 423ABAE817A32238004F289D /* Products */;
			projectDirPath = "";
			projectReferences = (
				{
					ProductGroup = 42E0D0C31849B8A0007EDB27 /* Products */;
					ProjectRef = 42E0D0C21849B8A0007EDB27 /* CocoaSQLite.xcodeproj */;
				},
			);
			projectRoot = "";
			targets = (
				423ABAE617A32238004F289D /* CORM */,
				42AF74051842A9690006FFF2 /* CORMTests */,
			);
		};
/* End PBXProject section */

/* Begin PBXReferenceProxy section */
		42E0D0CB1849B8A0007EDB27 /* CocoaSQLite.framework */ = {
			isa = PBXReferenceProxy;
			fileType = wrapper.framework;
			path = CocoaSQLite.framework;
			remoteRef = 42E0D0CA1849B8A0007EDB27 /* PBXContainerItemProxy */;
			sourceTree = BUILT_PRODUCTS_DIR;
		};
		42E0D0CD1849B8A0007EDB27 /* CocoaSQLiteTests.xctest */ = {
			isa = PBXReferenceProxy;
			fileType = wrapper.cfbundle;
			path = CocoaSQLiteTests.xctest;
			remoteRef = 42E0D0CC1849B8A0007EDB27 /* PBXContainerItemProxy */;
			sourceTree = BUILT_PRODUCTS_DIR;
		};
/* End PBXReferenceProxy section */

/* Begin PBXResourcesBuildPhase section */
		423ABAE517A32238004F289D /* Resources */ = {
			isa = PBXResourcesBuildPhase;
			buildActionMask = 2147483647;
			files = (
				42B00C3017C6C649000B13E7 /* README.md in Resources */,
				423ABAF517A32238004F289D /* InfoPlist.strings in Resources */,
				42D190451849A489002EC23A /* .travis.yml in Resources */,
				42B00C3217C6C652000B13E7 /* LICENSE in Resources */,
			);
			runOnlyForDeploymentPostprocessing = 0;
		};
		42AF74041842A9690006FFF2 /* Resources */ = {
			isa = PBXResourcesBuildPhase;
			buildActionMask = 2147483647;
			files = (
			);
			runOnlyForDeploymentPostprocessing = 0;
		};
/* End PBXResourcesBuildPhase section */

/* Begin PBXSourcesBuildPhase section */
		423ABAE217A32238004F289D /* Sources */ = {
			isa = PBXSourcesBuildPhase;
			buildActionMask = 2147483647;
			files = (
				423ABAF917A32238004F289D /* CORMDefaults.m in Sources */,
				42F326B617CEBA7300963954 /* CORMEntityDict.m in Sources */,
				42F326B817CEBA7300963954 /* CORMEntityImpl.m in Sources */,
				42F326BB17CEBA7300963954 /* CORMEntityProxy.m in Sources */,
				42F326BD17CEBA7300963954 /* CORMFactoryImpl.m in Sources */,
				42F326C017CEBA7300963954 /* CORMKey.m in Sources */,
				42F326C217CEBA7300963954 /* CORMStore.m in Sources */,
			);
			runOnlyForDeploymentPostprocessing = 0;
		};
		42AF74021842A9690006FFF2 /* Sources */ = {
			isa = PBXSourcesBuildPhase;
			buildActionMask = 2147483647;
			files = (
				428D034F184836AC00303ED4 /* CORMTests.m in Sources */,
				42AF741B1842AAA40006FFF2 /* Album.m in Sources */,
				42AF741A1842AAA10006FFF2 /* Track.m in Sources */,
			);
			runOnlyForDeploymentPostprocessing = 0;
		};
/* End PBXSourcesBuildPhase section */

/* Begin PBXTargetDependency section */
		42AF74121842A96A0006FFF2 /* PBXTargetDependency */ = {
			isa = PBXTargetDependency;
			target = 423ABAE617A32238004F289D /* CORM */;
			targetProxy = 42AF74111842A96A0006FFF2 /* PBXContainerItemProxy */;
		};
/* End PBXTargetDependency section */

/* Begin PBXVariantGroup section */
		423ABAF317A32238004F289D /* InfoPlist.strings */ = {
			isa = PBXVariantGroup;
			children = (
				423ABAF417A32238004F289D /* en */,
			);
			name = InfoPlist.strings;
			sourceTree = "<group>";
		};
		423ABB0917A32238004F289D /* InfoPlist.strings */ = {
			isa = PBXVariantGroup;
			children = (
				423ABB0A17A32238004F289D /* en */,
			);
			name = InfoPlist.strings;
			sourceTree = "<group>";
		};
/* End PBXVariantGroup section */

/* Begin XCBuildConfiguration section */
		423ABB0F17A32238004F289D /* Debug */ = {
			isa = XCBuildConfiguration;
			buildSettings = {
				ALWAYS_SEARCH_USER_PATHS = YES;
				CLANG_CXX_LANGUAGE_STANDARD = "gnu++0x";
				CLANG_CXX_LIBRARY = "libc++";
				CLANG_WARN_CONSTANT_CONVERSION = YES;
				CLANG_WARN_EMPTY_BODY = YES;
				CLANG_WARN_ENUM_CONVERSION = YES;
				CLANG_WARN_INT_CONVERSION = YES;
				CLANG_WARN__DUPLICATE_METHOD_MATCH = YES;
				COPY_PHASE_STRIP = NO;
				GCC_C_LANGUAGE_STANDARD = gnu99;
				GCC_DYNAMIC_NO_PIC = NO;
				GCC_ENABLE_OBJC_EXCEPTIONS = YES;
				GCC_OPTIMIZATION_LEVEL = 0;
				GCC_PREPROCESSOR_DEFINITIONS = (
					"DEBUG=1",
					"$(inherited)",
				);
				GCC_SYMBOLS_PRIVATE_EXTERN = NO;
				GCC_WARN_64_TO_32_BIT_CONVERSION = YES;
				GCC_WARN_ABOUT_RETURN_TYPE = YES;
				GCC_WARN_UNINITIALIZED_AUTOS = YES;
				GCC_WARN_UNUSED_VARIABLE = YES;
				MACOSX_DEPLOYMENT_TARGET = 10.8;
				ONLY_ACTIVE_ARCH = YES;
				SDKROOT = macosx;
			};
			name = Debug;
		};
		423ABB1017A32238004F289D /* Release */ = {
			isa = XCBuildConfiguration;
			buildSettings = {
				ALWAYS_SEARCH_USER_PATHS = YES;
				CLANG_CXX_LANGUAGE_STANDARD = "gnu++0x";
				CLANG_CXX_LIBRARY = "libc++";
				CLANG_WARN_CONSTANT_CONVERSION = YES;
				CLANG_WARN_EMPTY_BODY = YES;
				CLANG_WARN_ENUM_CONVERSION = YES;
				CLANG_WARN_INT_CONVERSION = YES;
				CLANG_WARN__DUPLICATE_METHOD_MATCH = YES;
				COPY_PHASE_STRIP = YES;
				DEBUG_INFORMATION_FORMAT = "dwarf-with-dsym";
				GCC_C_LANGUAGE_STANDARD = gnu99;
				GCC_ENABLE_OBJC_EXCEPTIONS = YES;
				GCC_WARN_64_TO_32_BIT_CONVERSION = YES;
				GCC_WARN_ABOUT_RETURN_TYPE = YES;
				GCC_WARN_UNINITIALIZED_AUTOS = YES;
				GCC_WARN_UNUSED_VARIABLE = YES;
				MACOSX_DEPLOYMENT_TARGET = 10.8;
				SDKROOT = macosx;
			};
			name = Release;
		};
		423ABB1217A32238004F289D /* Debug */ = {
			isa = XCBuildConfiguration;
			buildSettings = {
				COMBINE_HIDPI_IMAGES = YES;
				DYLIB_COMPATIBILITY_VERSION = 1;
				DYLIB_CURRENT_VERSION = 1;
				FRAMEWORK_SEARCH_PATHS = (
					"$(inherited)",
					"/Users/firelizzard/Documents/Programming/~/DerivedData/Build/Products/Debug",
					"$(DEVELOPER_FRAMEWORKS_DIR)",
					/Users/firelizzard/Documents/Programming/CORM/DerivedData/Build/Products/Debug,
				);
				FRAMEWORK_VERSION = A;
				GCC_PRECOMPILE_PREFIX_HEADER = YES;
				GCC_PREFIX_HEADER = "CORM/CORM-Prefix.pch";
				INFOPLIST_FILE = "CORM/CORM-Info.plist";
				PRODUCT_NAME = "$(TARGET_NAME)";
				WRAPPER_EXTENSION = framework;
			};
			name = Debug;
		};
		423ABB1317A32238004F289D /* Release */ = {
			isa = XCBuildConfiguration;
			buildSettings = {
				COMBINE_HIDPI_IMAGES = YES;
				DYLIB_COMPATIBILITY_VERSION = 1;
				DYLIB_CURRENT_VERSION = 1;
				FRAMEWORK_SEARCH_PATHS = (
					"$(inherited)",
					"/Users/firelizzard/Documents/Programming/~/DerivedData/Build/Products/Debug",
					"$(DEVELOPER_FRAMEWORKS_DIR)",
					/Users/firelizzard/Documents/Programming/CORM/DerivedData/Build/Products/Debug,
				);
				FRAMEWORK_VERSION = A;
				GCC_PRECOMPILE_PREFIX_HEADER = YES;
				GCC_PREFIX_HEADER = "CORM/CORM-Prefix.pch";
				INFOPLIST_FILE = "CORM/CORM-Info.plist";
				PRODUCT_NAME = "$(TARGET_NAME)";
				WRAPPER_EXTENSION = framework;
			};
			name = Release;
		};
		42AF74141842A96A0006FFF2 /* Debug */ = {
			isa = XCBuildConfiguration;
			buildSettings = {
				CLANG_WARN_BOOL_CONVERSION = YES;
				CLANG_WARN_DIRECT_OBJC_ISA_USAGE = YES_ERROR;
				CLANG_WARN_OBJC_ROOT_CLASS = YES_ERROR;
				GCC_PRECOMPILE_PREFIX_HEADER = YES;
				GCC_PREFIX_HEADER = "CORMTests/CORMTests-Prefix.pch";
				GCC_WARN_ABOUT_RETURN_TYPE = YES_ERROR;
				GCC_WARN_UNDECLARED_SELECTOR = YES;
				GCC_WARN_UNUSED_FUNCTION = YES;
				INFOPLIST_FILE = "CORMTests/CORMTests-Info.plist";
				MACOSX_DEPLOYMENT_TARGET = 10.9;
				PRODUCT_NAME = "$(TARGET_NAME)";
				WRAPPER_EXTENSION = xctest;
			};
			name = Debug;
		};
		42AF74151842A96A0006FFF2 /* Release */ = {
			isa = XCBuildConfiguration;
			buildSettings = {
				CLANG_WARN_BOOL_CONVERSION = YES;
				CLANG_WARN_DIRECT_OBJC_ISA_USAGE = YES_ERROR;
				CLANG_WARN_OBJC_ROOT_CLASS = YES_ERROR;
				ENABLE_NS_ASSERTIONS = NO;
				GCC_PRECOMPILE_PREFIX_HEADER = YES;
				GCC_PREFIX_HEADER = "CORMTests/CORMTests-Prefix.pch";
				GCC_WARN_ABOUT_RETURN_TYPE = YES_ERROR;
				GCC_WARN_UNDECLARED_SELECTOR = YES;
				GCC_WARN_UNUSED_FUNCTION = YES;
				INFOPLIST_FILE = "CORMTests/CORMTests-Info.plist";
				MACOSX_DEPLOYMENT_TARGET = 10.9;
				PRODUCT_NAME = "$(TARGET_NAME)";
				WRAPPER_EXTENSION = xctest;
			};
			name = Release;
		};
/* End XCBuildConfiguration section */

/* Begin XCConfigurationList section */
		423ABAE117A32238004F289D /* Build configuration list for PBXProject "CORM" */ = {
			isa = XCConfigurationList;
			buildConfigurations = (
				423ABB0F17A32238004F289D /* Debug */,
				423ABB1017A32238004F289D /* Release */,
			);
			defaultConfigurationIsVisible = 0;
			defaultConfigurationName = Release;
		};
		423ABB1117A32238004F289D /* Build configuration list for PBXNativeTarget "CORM" */ = {
			isa = XCConfigurationList;
			buildConfigurations = (
				423ABB1217A32238004F289D /* Debug */,
				423ABB1317A32238004F289D /* Release */,
			);
			defaultConfigurationIsVisible = 0;
			defaultConfigurationName = Release;
		};
		42AF74131842A96A0006FFF2 /* Build configuration list for PBXNativeTarget "CORMTests" */ = {
			isa = XCConfigurationList;
			buildConfigurations = (
				42AF74141842A96A0006FFF2 /* Debug */,
				42AF74151842A96A0006FFF2 /* Release */,
			);
			defaultConfigurationIsVisible = 0;
			defaultConfigurationName = Release;
		};
/* End XCConfigurationList section */
	};
	rootObject = 423ABADE17A32238004F289D /* Project object */;
}
