// !$*UTF8*$!
{
	archiveVersion = 1;
	classes = {
	};
	objectVersion = 46;
	objects = {

/* Begin PBXBuildFile section */
		423ABAEB17A32238004F289D /* Cocoa.framework in Frameworks */ = {isa = PBXBuildFile; fileRef = 423ABAEA17A32238004F289D /* Cocoa.framework */; };
		423ABAF517A32238004F289D /* InfoPlist.strings in Resources */ = {isa = PBXBuildFile; fileRef = 423ABAF317A32238004F289D /* InfoPlist.strings */; };
		423ABAF917A32238004F289D /* CORM.m in Sources */ = {isa = PBXBuildFile; fileRef = 423ABAF817A32238004F289D /* CORM.m */; };
		423ABB0117A32238004F289D /* SenTestingKit.framework in Frameworks */ = {isa = PBXBuildFile; fileRef = 423ABB0017A32238004F289D /* SenTestingKit.framework */; };
		423ABB0217A32238004F289D /* Cocoa.framework in Frameworks */ = {isa = PBXBuildFile; fileRef = 423ABAEA17A32238004F289D /* Cocoa.framework */; };
		423ABB0517A32238004F289D /* CORM.framework in Frameworks */ = {isa = PBXBuildFile; fileRef = 423ABAE717A32238004F289D /* CORM.framework */; };
		423ABB0B17A32238004F289D /* InfoPlist.strings in Resources */ = {isa = PBXBuildFile; fileRef = 423ABB0917A32238004F289D /* InfoPlist.strings */; };
		423ABB0E17A32238004F289D /* CORMTests.m in Sources */ = {isa = PBXBuildFile; fileRef = 423ABB0D17A32238004F289D /* CORMTests.m */; };
		423ABB1917A3235B004F289D /* CORMStore.h in Headers */ = {isa = PBXBuildFile; fileRef = 423ABB1717A3235B004F289D /* CORMStore.h */; settings = {ATTRIBUTES = (Public, ); }; };
		423ABB1A17A3235B004F289D /* CORMStore.m in Sources */ = {isa = PBXBuildFile; fileRef = 423ABB1817A3235B004F289D /* CORMStore.m */; };
		423ABB1D17A32367004F289D /* CORMEntityImpl.h in Headers */ = {isa = PBXBuildFile; fileRef = 423ABB1B17A32367004F289D /* CORMEntityImpl.h */; settings = {ATTRIBUTES = (Public, ); }; };
		423ABB1E17A32367004F289D /* CORMEntityImpl.m in Sources */ = {isa = PBXBuildFile; fileRef = 423ABB1C17A32367004F289D /* CORMEntityImpl.m */; };
		423ABB2117A32582004F289D /* CORMFactory.h in Headers */ = {isa = PBXBuildFile; fileRef = 423ABB1F17A32582004F289D /* CORMFactory.h */; settings = {ATTRIBUTES = (Public, ); }; };
		423ABB2217A32582004F289D /* CORMFactory.m in Sources */ = {isa = PBXBuildFile; fileRef = 423ABB2017A32582004F289D /* CORMFactory.m */; };
		423ABB6917A32AAF004F289D /* CORMKey.h in Headers */ = {isa = PBXBuildFile; fileRef = 423ABB6717A32AAF004F289D /* CORMKey.h */; settings = {ATTRIBUTES = (Public, ); }; };
		423ABB6A17A32AAF004F289D /* CORMKey.m in Sources */ = {isa = PBXBuildFile; fileRef = 423ABB6817A32AAF004F289D /* CORMKey.m */; };
		423ABBE417A38100004F289D /* CORMEntityProxy.h in Headers */ = {isa = PBXBuildFile; fileRef = 423ABBE217A38100004F289D /* CORMEntityProxy.h */; };
		423ABBE517A38100004F289D /* CORMEntityProxy.m in Sources */ = {isa = PBXBuildFile; fileRef = 423ABBE317A38100004F289D /* CORMEntityProxy.m */; };
		423ABBEB17A38A45004F289D /* TypeExtensions.framework in Frameworks */ = {isa = PBXBuildFile; fileRef = 423ABBEA17A38A45004F289D /* TypeExtensions.framework */; };
		423ABBEE17A3925E004F289D /* CORMEntityDict.h in Headers */ = {isa = PBXBuildFile; fileRef = 423ABBEC17A3925E004F289D /* CORMEntityDict.h */; };
		423ABBEF17A3925E004F289D /* CORMEntityDict.m in Sources */ = {isa = PBXBuildFile; fileRef = 423ABBED17A3925E004F289D /* CORMEntityDict.m */; };
		424277BD17B842EF00E31F0C /* ORDA.framework in Frameworks */ = {isa = PBXBuildFile; fileRef = 42909B9A17B31A4800DBD505 /* ORDA.framework */; };
		42719C9917CA875B007AAB83 /* CORMEntityImpl+Private.h in Headers */ = {isa = PBXBuildFile; fileRef = 42719C9817CA875A007AAB83 /* CORMEntityImpl+Private.h */; };
		42B00B7517C6680F000B13E7 /* CORM.h in Headers */ = {isa = PBXBuildFile; fileRef = 423ABAF717A32238004F289D /* CORM.h */; settings = {ATTRIBUTES = (Public, ); }; };
		42B00B7617C66815000B13E7 /* CORMEntity.h in Headers */ = {isa = PBXBuildFile; fileRef = 421552F717A3A04000E572C2 /* CORMEntity.h */; settings = {ATTRIBUTES = (Public, ); }; };
		42B00C1F17C6BC4E000B13E7 /* Album.m in Sources */ = {isa = PBXBuildFile; fileRef = 42B00C1E17C6BC4E000B13E7 /* Album.m */; };
		42B00C2217C6BC58000B13E7 /* Track.m in Sources */ = {isa = PBXBuildFile; fileRef = 42B00C2117C6BC58000B13E7 /* Track.m */; };
		42B00C2317C6BC6D000B13E7 /* ORDA.framework in Frameworks */ = {isa = PBXBuildFile; fileRef = 42909B9A17B31A4800DBD505 /* ORDA.framework */; };
		42B00C2417C6BC6D000B13E7 /* ORDASQLite.framework in Frameworks */ = {isa = PBXBuildFile; fileRef = 42B00C0417C66DE3000B13E7 /* ORDASQLite.framework */; };
		42B00C2517C6BC6D000B13E7 /* TypeExtensions.framework in Frameworks */ = {isa = PBXBuildFile; fileRef = 424277B617B8429B00E31F0C /* TypeExtensions.framework */; };
		42B00C2617C6BC75000B13E7 /* libsqlite3.0.dylib in Frameworks */ = {isa = PBXBuildFile; fileRef = 42B00C0617C66DFB000B13E7 /* libsqlite3.0.dylib */; };
		42B00C3017C6C649000B13E7 /* README.md in Resources */ = {isa = PBXBuildFile; fileRef = 42B00C2B17C6C543000B13E7 /* README.md */; };
		42B00C3217C6C652000B13E7 /* LICENSE in Resources */ = {isa = PBXBuildFile; fileRef = 42B00C3117C6C652000B13E7 /* LICENSE */; };
/* End PBXBuildFile section */

/* Begin PBXContainerItemProxy section */
		423ABB0317A32238004F289D /* PBXContainerItemProxy */ = {
			isa = PBXContainerItemProxy;
			containerPortal = 423ABADE17A32238004F289D /* Project object */;
			proxyType = 1;
			remoteGlobalIDString = 423ABAE617A32238004F289D;
			remoteInfo = CORM;
		};
		424277B517B8429B00E31F0C /* PBXContainerItemProxy */ = {
			isa = PBXContainerItemProxy;
			containerPortal = 424277B017B8429B00E31F0C /* TypeExtensions.xcodeproj */;
			proxyType = 2;
			remoteGlobalIDString = 420D1A9C165BF5020097EE03;
			remoteInfo = TypeExtensions;
		};
		42909B9917B31A4800DBD505 /* PBXContainerItemProxy */ = {
			isa = PBXContainerItemProxy;
			containerPortal = 42909B9417B31A4700DBD505 /* ORDA.xcodeproj */;
			proxyType = 2;
			remoteGlobalIDString = 42909B6417B31A4700DBD505;
			remoteInfo = ORDA;
		};
		42909B9B17B31A4800DBD505 /* PBXContainerItemProxy */ = {
			isa = PBXContainerItemProxy;
			containerPortal = 42909B9417B31A4700DBD505 /* ORDA.xcodeproj */;
			proxyType = 2;
			remoteGlobalIDString = 42909B7C17B31A4700DBD505;
			remoteInfo = ORDATests;
		};
		42B00C0317C66DE3000B13E7 /* PBXContainerItemProxy */ = {
			isa = PBXContainerItemProxy;
			containerPortal = 42909B9417B31A4700DBD505 /* ORDA.xcodeproj */;
			proxyType = 2;
			remoteGlobalIDString = 42B00BD217C66C72000B13E7;
			remoteInfo = ORDASQLite;
		};
/* End PBXContainerItemProxy section */

/* Begin PBXFileReference section */
		421552F717A3A04000E572C2 /* CORMEntity.h */ = {isa = PBXFileReference; lastKnownFileType = sourcecode.c.h; path = CORMEntity.h; sourceTree = "<group>"; };
		423ABAE717A32238004F289D /* CORM.framework */ = {isa = PBXFileReference; explicitFileType = wrapper.framework; includeInIndex = 0; path = CORM.framework; sourceTree = BUILT_PRODUCTS_DIR; };
		423ABAEA17A32238004F289D /* Cocoa.framework */ = {isa = PBXFileReference; lastKnownFileType = wrapper.framework; name = Cocoa.framework; path = System/Library/Frameworks/Cocoa.framework; sourceTree = SDKROOT; };
		423ABAED17A32238004F289D /* AppKit.framework */ = {isa = PBXFileReference; lastKnownFileType = wrapper.framework; name = AppKit.framework; path = System/Library/Frameworks/AppKit.framework; sourceTree = SDKROOT; };
		423ABAEE17A32238004F289D /* CoreData.framework */ = {isa = PBXFileReference; lastKnownFileType = wrapper.framework; name = CoreData.framework; path = System/Library/Frameworks/CoreData.framework; sourceTree = SDKROOT; };
		423ABAEF17A32238004F289D /* Foundation.framework */ = {isa = PBXFileReference; lastKnownFileType = wrapper.framework; name = Foundation.framework; path = System/Library/Frameworks/Foundation.framework; sourceTree = SDKROOT; };
		423ABAF217A32238004F289D /* CORM-Info.plist */ = {isa = PBXFileReference; lastKnownFileType = text.plist.xml; path = "CORM-Info.plist"; sourceTree = "<group>"; };
		423ABAF417A32238004F289D /* en */ = {isa = PBXFileReference; lastKnownFileType = text.plist.strings; name = en; path = en.lproj/InfoPlist.strings; sourceTree = "<group>"; };
		423ABAF617A32238004F289D /* CORM-Prefix.pch */ = {isa = PBXFileReference; lastKnownFileType = sourcecode.c.h; path = "CORM-Prefix.pch"; sourceTree = "<group>"; };
		423ABAF717A32238004F289D /* CORM.h */ = {isa = PBXFileReference; lastKnownFileType = sourcecode.c.h; path = CORM.h; sourceTree = "<group>"; };
		423ABAF817A32238004F289D /* CORM.m */ = {isa = PBXFileReference; lastKnownFileType = sourcecode.c.objc; path = CORM.m; sourceTree = "<group>"; };
		423ABAFF17A32238004F289D /* CORMTests.octest */ = {isa = PBXFileReference; explicitFileType = wrapper.cfbundle; includeInIndex = 0; path = CORMTests.octest; sourceTree = BUILT_PRODUCTS_DIR; };
		423ABB0017A32238004F289D /* SenTestingKit.framework */ = {isa = PBXFileReference; lastKnownFileType = wrapper.framework; name = SenTestingKit.framework; path = Library/Frameworks/SenTestingKit.framework; sourceTree = DEVELOPER_DIR; };
		423ABB0817A32238004F289D /* CORMTests-Info.plist */ = {isa = PBXFileReference; lastKnownFileType = text.plist.xml; path = "CORMTests-Info.plist"; sourceTree = "<group>"; };
		423ABB0A17A32238004F289D /* en */ = {isa = PBXFileReference; lastKnownFileType = text.plist.strings; name = en; path = en.lproj/InfoPlist.strings; sourceTree = "<group>"; };
		423ABB0C17A32238004F289D /* CORMTests.h */ = {isa = PBXFileReference; lastKnownFileType = sourcecode.c.h; path = CORMTests.h; sourceTree = "<group>"; };
		423ABB0D17A32238004F289D /* CORMTests.m */ = {isa = PBXFileReference; lastKnownFileType = sourcecode.c.objc; path = CORMTests.m; sourceTree = "<group>"; };
		423ABB1717A3235B004F289D /* CORMStore.h */ = {isa = PBXFileReference; fileEncoding = 4; lastKnownFileType = sourcecode.c.h; path = CORMStore.h; sourceTree = "<group>"; };
		423ABB1817A3235B004F289D /* CORMStore.m */ = {isa = PBXFileReference; fileEncoding = 4; lastKnownFileType = sourcecode.c.objc; path = CORMStore.m; sourceTree = "<group>"; };
		423ABB1B17A32367004F289D /* CORMEntityImpl.h */ = {isa = PBXFileReference; fileEncoding = 4; lastKnownFileType = sourcecode.c.h; path = CORMEntityImpl.h; sourceTree = "<group>"; };
		423ABB1C17A32367004F289D /* CORMEntityImpl.m */ = {isa = PBXFileReference; fileEncoding = 4; lastKnownFileType = sourcecode.c.objc; path = CORMEntityImpl.m; sourceTree = "<group>"; };
		423ABB1F17A32582004F289D /* CORMFactory.h */ = {isa = PBXFileReference; fileEncoding = 4; lastKnownFileType = sourcecode.c.h; path = CORMFactory.h; sourceTree = "<group>"; };
		423ABB2017A32582004F289D /* CORMFactory.m */ = {isa = PBXFileReference; fileEncoding = 4; lastKnownFileType = sourcecode.c.objc; path = CORMFactory.m; sourceTree = "<group>"; };
		423ABB6717A32AAF004F289D /* CORMKey.h */ = {isa = PBXFileReference; fileEncoding = 4; lastKnownFileType = sourcecode.c.h; path = CORMKey.h; sourceTree = "<group>"; };
		423ABB6817A32AAF004F289D /* CORMKey.m */ = {isa = PBXFileReference; fileEncoding = 4; lastKnownFileType = sourcecode.c.objc; path = CORMKey.m; sourceTree = "<group>"; };
		423ABBE217A38100004F289D /* CORMEntityProxy.h */ = {isa = PBXFileReference; fileEncoding = 4; lastKnownFileType = sourcecode.c.h; path = CORMEntityProxy.h; sourceTree = "<group>"; };
		423ABBE317A38100004F289D /* CORMEntityProxy.m */ = {isa = PBXFileReference; fileEncoding = 4; lastKnownFileType = sourcecode.c.objc; path = CORMEntityProxy.m; sourceTree = "<group>"; };
		423ABBE717A38288004F289D /* CORMFactory+Private.h */ = {isa = PBXFileReference; lastKnownFileType = sourcecode.c.h; path = "CORMFactory+Private.h"; sourceTree = "<group>"; };
		423ABBEA17A38A45004F289D /* TypeExtensions.framework */ = {isa = PBXFileReference; lastKnownFileType = wrapper.framework; name = TypeExtensions.framework; path = DerivedData/CORM/Build/Products/Debug/TypeExtensions.framework; sourceTree = "<group>"; };
		423ABBEC17A3925E004F289D /* CORMEntityDict.h */ = {isa = PBXFileReference; fileEncoding = 4; lastKnownFileType = sourcecode.c.h; path = CORMEntityDict.h; sourceTree = "<group>"; };
		423ABBED17A3925E004F289D /* CORMEntityDict.m */ = {isa = PBXFileReference; fileEncoding = 4; lastKnownFileType = sourcecode.c.objc; path = CORMEntityDict.m; sourceTree = "<group>"; };
		424277B017B8429B00E31F0C /* TypeExtensions.xcodeproj */ = {isa = PBXFileReference; lastKnownFileType = "wrapper.pb-project"; name = TypeExtensions.xcodeproj; path = "../../Lens Flare/TypeExtensions/TypeExtensions.xcodeproj"; sourceTree = "<group>"; };
		42719C9817CA875A007AAB83 /* CORMEntityImpl+Private.h */ = {isa = PBXFileReference; fileEncoding = 4; lastKnownFileType = sourcecode.c.h; path = "CORMEntityImpl+Private.h"; sourceTree = "<group>"; };
		42909B9417B31A4700DBD505 /* ORDA.xcodeproj */ = {isa = PBXFileReference; lastKnownFileType = "wrapper.pb-project"; name = ORDA.xcodeproj; path = ../ORDA/ORDA.xcodeproj; sourceTree = "<group>"; };
		42B00B6617C663CC000B13E7 /* Foundation.framework */ = {isa = PBXFileReference; lastKnownFileType = wrapper.framework; name = Foundation.framework; path = System/Library/Frameworks/Foundation.framework; sourceTree = SDKROOT; };
		42B00C0617C66DFB000B13E7 /* libsqlite3.0.dylib */ = {isa = PBXFileReference; lastKnownFileType = "compiled.mach-o.dylib"; name = libsqlite3.0.dylib; path = usr/lib/libsqlite3.0.dylib; sourceTree = SDKROOT; };
		42B00C1D17C6BC4E000B13E7 /* Album.h */ = {isa = PBXFileReference; fileEncoding = 4; lastKnownFileType = sourcecode.c.h; path = Album.h; sourceTree = "<group>"; };
		42B00C1E17C6BC4E000B13E7 /* Album.m */ = {isa = PBXFileReference; fileEncoding = 4; lastKnownFileType = sourcecode.c.objc; path = Album.m; sourceTree = "<group>"; };
		42B00C2017C6BC58000B13E7 /* Track.h */ = {isa = PBXFileReference; fileEncoding = 4; lastKnownFileType = sourcecode.c.h; path = Track.h; sourceTree = "<group>"; };
		42B00C2117C6BC58000B13E7 /* Track.m */ = {isa = PBXFileReference; fileEncoding = 4; lastKnownFileType = sourcecode.c.objc; path = Track.m; sourceTree = "<group>"; };
		42B00C2B17C6C543000B13E7 /* README.md */ = {isa = PBXFileReference; fileEncoding = 4; lastKnownFileType = text; path = README.md; sourceTree = "<group>"; };
		42B00C3117C6C652000B13E7 /* LICENSE */ = {isa = PBXFileReference; fileEncoding = 4; lastKnownFileType = text; path = LICENSE; sourceTree = "<group>"; };
/* End PBXFileReference section */

/* Begin PBXFrameworksBuildPhase section */
		423ABAE317A32238004F289D /* Frameworks */ = {
			isa = PBXFrameworksBuildPhase;
			buildActionMask = 2147483647;
			files = (
				424277BD17B842EF00E31F0C /* ORDA.framework in Frameworks */,
				423ABBEB17A38A45004F289D /* TypeExtensions.framework in Frameworks */,
				423ABAEB17A32238004F289D /* Cocoa.framework in Frameworks */,
			);
			runOnlyForDeploymentPostprocessing = 0;
		};
		423ABAFB17A32238004F289D /* Frameworks */ = {
			isa = PBXFrameworksBuildPhase;
			buildActionMask = 2147483647;
			files = (
				42B00C2617C6BC75000B13E7 /* libsqlite3.0.dylib in Frameworks */,
				42B00C2317C6BC6D000B13E7 /* ORDA.framework in Frameworks */,
				42B00C2417C6BC6D000B13E7 /* ORDASQLite.framework in Frameworks */,
				42B00C2517C6BC6D000B13E7 /* TypeExtensions.framework in Frameworks */,
				423ABB0117A32238004F289D /* SenTestingKit.framework in Frameworks */,
				423ABB0217A32238004F289D /* Cocoa.framework in Frameworks */,
				423ABB0517A32238004F289D /* CORM.framework in Frameworks */,
			);
			runOnlyForDeploymentPostprocessing = 0;
		};
/* End PBXFrameworksBuildPhase section */

/* Begin PBXGroup section */
		423ABADD17A32238004F289D = {
			isa = PBXGroup;
			children = (
				42B00C3117C6C652000B13E7 /* LICENSE */,
				42B00C2B17C6C543000B13E7 /* README.md */,
				423ABAF017A32238004F289D /* CORM */,
				423ABB0617A32238004F289D /* CORMTests */,
				42B00C0817C66E06000B13E7 /* Libraries */,
				423ABAE917A32238004F289D /* Frameworks */,
				423ABAE817A32238004F289D /* Products */,
				42909B9417B31A4700DBD505 /* ORDA.xcodeproj */,
				424277B017B8429B00E31F0C /* TypeExtensions.xcodeproj */,
			);
			sourceTree = "<group>";
		};
		423ABAE817A32238004F289D /* Products */ = {
			isa = PBXGroup;
			children = (
				423ABAE717A32238004F289D /* CORM.framework */,
				423ABAFF17A32238004F289D /* CORMTests.octest */,
			);
			name = Products;
			sourceTree = "<group>";
		};
		423ABAE917A32238004F289D /* Frameworks */ = {
			isa = PBXGroup;
			children = (
				423ABBEA17A38A45004F289D /* TypeExtensions.framework */,
				423ABAEA17A32238004F289D /* Cocoa.framework */,
				423ABB0017A32238004F289D /* SenTestingKit.framework */,
				42B00B6617C663CC000B13E7 /* Foundation.framework */,
				423ABAEC17A32238004F289D /* Other Frameworks */,
			);
			name = Frameworks;
			sourceTree = "<group>";
		};
		423ABAEC17A32238004F289D /* Other Frameworks */ = {
			isa = PBXGroup;
			children = (
				423ABAED17A32238004F289D /* AppKit.framework */,
				423ABAEE17A32238004F289D /* CoreData.framework */,
				423ABAEF17A32238004F289D /* Foundation.framework */,
			);
			name = "Other Frameworks";
			sourceTree = "<group>";
		};
		423ABAF017A32238004F289D /* CORM */ = {
			isa = PBXGroup;
			children = (
				423ABBE617A38266004F289D /* Factory */,
				423ABBE117A37EE7004F289D /* Entity */,
				423ABAF717A32238004F289D /* CORM.h */,
				423ABAF817A32238004F289D /* CORM.m */,
				423ABAF117A32238004F289D /* Supporting Files */,
				423ABB1717A3235B004F289D /* CORMStore.h */,
				423ABB1817A3235B004F289D /* CORMStore.m */,
				423ABB6717A32AAF004F289D /* CORMKey.h */,
				423ABB6817A32AAF004F289D /* CORMKey.m */,
			);
			path = CORM;
			sourceTree = "<group>";
		};
		423ABAF117A32238004F289D /* Supporting Files */ = {
			isa = PBXGroup;
			children = (
				423ABAF217A32238004F289D /* CORM-Info.plist */,
				423ABAF317A32238004F289D /* InfoPlist.strings */,
				423ABAF617A32238004F289D /* CORM-Prefix.pch */,
			);
			name = "Supporting Files";
			sourceTree = "<group>";
		};
		423ABB0617A32238004F289D /* CORMTests */ = {
			isa = PBXGroup;
			children = (
				42B00C2017C6BC58000B13E7 /* Track.h */,
				42B00C2117C6BC58000B13E7 /* Track.m */,
				42B00C1D17C6BC4E000B13E7 /* Album.h */,
				42B00C1E17C6BC4E000B13E7 /* Album.m */,
				423ABB0C17A32238004F289D /* CORMTests.h */,
				423ABB0D17A32238004F289D /* CORMTests.m */,
				423ABB0717A32238004F289D /* Supporting Files */,
			);
			path = CORMTests;
			sourceTree = "<group>";
		};
		423ABB0717A32238004F289D /* Supporting Files */ = {
			isa = PBXGroup;
			children = (
				423ABB0817A32238004F289D /* CORMTests-Info.plist */,
				423ABB0917A32238004F289D /* InfoPlist.strings */,
			);
			name = "Supporting Files";
			sourceTree = "<group>";
		};
		423ABBE117A37EE7004F289D /* Entity */ = {
			isa = PBXGroup;
			children = (
				421552F717A3A04000E572C2 /* CORMEntity.h */,
				423ABB1B17A32367004F289D /* CORMEntityImpl.h */,
				42719C9817CA875A007AAB83 /* CORMEntityImpl+Private.h */,
				423ABB1C17A32367004F289D /* CORMEntityImpl.m */,
				423ABBE217A38100004F289D /* CORMEntityProxy.h */,
				423ABBE317A38100004F289D /* CORMEntityProxy.m */,
				423ABBEC17A3925E004F289D /* CORMEntityDict.h */,
				423ABBED17A3925E004F289D /* CORMEntityDict.m */,
			);
			name = Entity;
			sourceTree = "<group>";
		};
		423ABBE617A38266004F289D /* Factory */ = {
			isa = PBXGroup;
			children = (
				423ABB1F17A32582004F289D /* CORMFactory.h */,
				423ABBE717A38288004F289D /* CORMFactory+Private.h */,
				423ABB2017A32582004F289D /* CORMFactory.m */,
			);
			name = Factory;
			sourceTree = "<group>";
		};
		424277B117B8429B00E31F0C /* Products */ = {
			isa = PBXGroup;
			children = (
				424277B617B8429B00E31F0C /* TypeExtensions.framework */,
			);
			name = Products;
			sourceTree = "<group>";
		};
		42909B9517B31A4700DBD505 /* Products */ = {
			isa = PBXGroup;
			children = (
				42909B9A17B31A4800DBD505 /* ORDA.framework */,
				42B00C0417C66DE3000B13E7 /* ORDASQLite.framework */,
				42909B9C17B31A4800DBD505 /* ORDATests.octest */,
			);
			name = Products;
			sourceTree = "<group>";
		};
		42B00C0817C66E06000B13E7 /* Libraries */ = {
			isa = PBXGroup;
			children = (
				42B00C0617C66DFB000B13E7 /* libsqlite3.0.dylib */,
			);
			name = Libraries;
			path = CORM;
			sourceTree = "<group>";
		};
/* End PBXGroup section */

/* Begin PBXHeadersBuildPhase section */
		423ABAE417A32238004F289D /* Headers */ = {
			isa = PBXHeadersBuildPhase;
			buildActionMask = 2147483647;
			files = (
				42B00B7517C6680F000B13E7 /* CORM.h in Headers */,
				42B00B7617C66815000B13E7 /* CORMEntity.h in Headers */,
				423ABB6917A32AAF004F289D /* CORMKey.h in Headers */,
				423ABB1917A3235B004F289D /* CORMStore.h in Headers */,
				423ABB2117A32582004F289D /* CORMFactory.h in Headers */,
				423ABB1D17A32367004F289D /* CORMEntityImpl.h in Headers */,
				423ABBE417A38100004F289D /* CORMEntityProxy.h in Headers */,
				423ABBEE17A3925E004F289D /* CORMEntityDict.h in Headers */,
				42719C9917CA875B007AAB83 /* CORMEntityImpl+Private.h in Headers */,
			);
			runOnlyForDeploymentPostprocessing = 0;
		};
/* End PBXHeadersBuildPhase section */

/* Begin PBXNativeTarget section */
		423ABAE617A32238004F289D /* CORM */ = {
			isa = PBXNativeTarget;
			buildConfigurationList = 423ABB1117A32238004F289D /* Build configuration list for PBXNativeTarget "CORM" */;
			buildPhases = (
				423ABAE217A32238004F289D /* Sources */,
				423ABAE317A32238004F289D /* Frameworks */,
				423ABAE417A32238004F289D /* Headers */,
				423ABAE517A32238004F289D /* Resources */,
			);
			buildRules = (
			);
			dependencies = (
			);
			name = CORM;
			productName = CORM;
			productReference = 423ABAE717A32238004F289D /* CORM.framework */;
			productType = "com.apple.product-type.framework";
		};
		423ABAFE17A32238004F289D /* CORMTests */ = {
			isa = PBXNativeTarget;
			buildConfigurationList = 423ABB1417A32238004F289D /* Build configuration list for PBXNativeTarget "CORMTests" */;
			buildPhases = (
				423ABAFA17A32238004F289D /* Sources */,
				423ABAFB17A32238004F289D /* Frameworks */,
				423ABAFC17A32238004F289D /* Resources */,
				423ABAFD17A32238004F289D /* ShellScript */,
			);
			buildRules = (
			);
			dependencies = (
				423ABB0417A32238004F289D /* PBXTargetDependency */,
			);
			name = CORMTests;
			productName = CORMTests;
			productReference = 423ABAFF17A32238004F289D /* CORMTests.octest */;
			productType = "com.apple.product-type.bundle";
		};
/* End PBXNativeTarget section */

/* Begin PBXProject section */
		423ABADE17A32238004F289D /* Project object */ = {
			isa = PBXProject;
			attributes = {
				LastUpgradeCheck = 0460;
				ORGANIZATIONNAME = "Firelizzard Inventions";
			};
			buildConfigurationList = 423ABAE117A32238004F289D /* Build configuration list for PBXProject "CORM" */;
			compatibilityVersion = "Xcode 3.2";
			developmentRegion = English;
			hasScannedForEncodings = 0;
			knownRegions = (
				en,
			);
			mainGroup = 423ABADD17A32238004F289D;
			productRefGroup = 423ABAE817A32238004F289D /* Products */;
			projectDirPath = "";
			projectReferences = (
				{
					ProductGroup = 42909B9517B31A4700DBD505 /* Products */;
					ProjectRef = 42909B9417B31A4700DBD505 /* ORDA.xcodeproj */;
				},
				{
					ProductGroup = 424277B117B8429B00E31F0C /* Products */;
					ProjectRef = 424277B017B8429B00E31F0C /* TypeExtensions.xcodeproj */;
				},
			);
			projectRoot = "";
			targets = (
				423ABAE617A32238004F289D /* CORM */,
				423ABAFE17A32238004F289D /* CORMTests */,
			);
		};
/* End PBXProject section */

/* Begin PBXReferenceProxy section */
		424277B617B8429B00E31F0C /* TypeExtensions.framework */ = {
			isa = PBXReferenceProxy;
			fileType = wrapper.framework;
			path = TypeExtensions.framework;
			remoteRef = 424277B517B8429B00E31F0C /* PBXContainerItemProxy */;
			sourceTree = BUILT_PRODUCTS_DIR;
		};
		42909B9A17B31A4800DBD505 /* ORDA.framework */ = {
			isa = PBXReferenceProxy;
			fileType = wrapper.framework;
			path = ORDA.framework;
			remoteRef = 42909B9917B31A4800DBD505 /* PBXContainerItemProxy */;
			sourceTree = BUILT_PRODUCTS_DIR;
		};
		42909B9C17B31A4800DBD505 /* ORDATests.octest */ = {
			isa = PBXReferenceProxy;
			fileType = wrapper.cfbundle;
			path = ORDATests.octest;
			remoteRef = 42909B9B17B31A4800DBD505 /* PBXContainerItemProxy */;
			sourceTree = BUILT_PRODUCTS_DIR;
		};
		42B00C0417C66DE3000B13E7 /* ORDASQLite.framework */ = {
			isa = PBXReferenceProxy;
			fileType = wrapper.framework;
			path = ORDASQLite.framework;
			remoteRef = 42B00C0317C66DE3000B13E7 /* PBXContainerItemProxy */;
			sourceTree = BUILT_PRODUCTS_DIR;
		};
/* End PBXReferenceProxy section */

/* Begin PBXResourcesBuildPhase section */
		423ABAE517A32238004F289D /* Resources */ = {
			isa = PBXResourcesBuildPhase;
			buildActionMask = 2147483647;
			files = (
				42B00C3017C6C649000B13E7 /* README.md in Resources */,
				423ABAF517A32238004F289D /* InfoPlist.strings in Resources */,
				42B00C3217C6C652000B13E7 /* LICENSE in Resources */,
			);
			runOnlyForDeploymentPostprocessing = 0;
		};
		423ABAFC17A32238004F289D /* Resources */ = {
			isa = PBXResourcesBuildPhase;
			buildActionMask = 2147483647;
			files = (
				423ABB0B17A32238004F289D /* InfoPlist.strings in Resources */,
			);
			runOnlyForDeploymentPostprocessing = 0;
		};
/* End PBXResourcesBuildPhase section */

/* Begin PBXShellScriptBuildPhase section */
		423ABAFD17A32238004F289D /* ShellScript */ = {
			isa = PBXShellScriptBuildPhase;
			buildActionMask = 2147483647;
			files = (
			);
			inputPaths = (
			);
			outputPaths = (
			);
			runOnlyForDeploymentPostprocessing = 0;
			shellPath = /bin/sh;
			shellScript = "# Run the unit tests in this test bundle.\n\"${SYSTEM_DEVELOPER_DIR}/Tools/RunUnitTests\"\n";
		};
/* End PBXShellScriptBuildPhase section */

/* Begin PBXSourcesBuildPhase section */
		423ABAE217A32238004F289D /* Sources */ = {
			isa = PBXSourcesBuildPhase;
			buildActionMask = 2147483647;
			files = (
				423ABAF917A32238004F289D /* CORM.m in Sources */,
				423ABB1A17A3235B004F289D /* CORMStore.m in Sources */,
				423ABB1E17A32367004F289D /* CORMEntityImpl.m in Sources */,
				423ABB2217A32582004F289D /* CORMFactory.m in Sources */,
				423ABB6A17A32AAF004F289D /* CORMKey.m in Sources */,
				423ABBE517A38100004F289D /* CORMEntityProxy.m in Sources */,
				423ABBEF17A3925E004F289D /* CORMEntityDict.m in Sources */,
			);
			runOnlyForDeploymentPostprocessing = 0;
		};
		423ABAFA17A32238004F289D /* Sources */ = {
			isa = PBXSourcesBuildPhase;
			buildActionMask = 2147483647;
			files = (
				423ABB0E17A32238004F289D /* CORMTests.m in Sources */,
				42B00C1F17C6BC4E000B13E7 /* Album.m in Sources */,
				42B00C2217C6BC58000B13E7 /* Track.m in Sources */,
			);
			runOnlyForDeploymentPostprocessing = 0;
		};
/* End PBXSourcesBuildPhase section */

/* Begin PBXTargetDependency section */
		423ABB0417A32238004F289D /* PBXTargetDependency */ = {
			isa = PBXTargetDependency;
			target = 423ABAE617A32238004F289D /* CORM */;
			targetProxy = 423ABB0317A32238004F289D /* PBXContainerItemProxy */;
		};
/* End PBXTargetDependency section */

/* Begin PBXVariantGroup section */
		423ABAF317A32238004F289D /* InfoPlist.strings */ = {
			isa = PBXVariantGroup;
			children = (
				423ABAF417A32238004F289D /* en */,
			);
			name = InfoPlist.strings;
			sourceTree = "<group>";
		};
		423ABB0917A32238004F289D /* InfoPlist.strings */ = {
			isa = PBXVariantGroup;
			children = (
				423ABB0A17A32238004F289D /* en */,
			);
			name = InfoPlist.strings;
			sourceTree = "<group>";
		};
/* End PBXVariantGroup section */

/* Begin XCBuildConfiguration section */
		423ABB0F17A32238004F289D /* Debug */ = {
			isa = XCBuildConfiguration;
			buildSettings = {
				ALWAYS_SEARCH_USER_PATHS = NO;
				ARCHS = "$(ARCHS_STANDARD_64_BIT)";
				CLANG_CXX_LANGUAGE_STANDARD = "gnu++0x";
				CLANG_CXX_LIBRARY = "libc++";
				CLANG_WARN_CONSTANT_CONVERSION = YES;
				CLANG_WARN_EMPTY_BODY = YES;
				CLANG_WARN_ENUM_CONVERSION = YES;
				CLANG_WARN_INT_CONVERSION = YES;
				CLANG_WARN__DUPLICATE_METHOD_MATCH = YES;
				COPY_PHASE_STRIP = NO;
				GCC_C_LANGUAGE_STANDARD = gnu99;
				GCC_DYNAMIC_NO_PIC = NO;
				GCC_ENABLE_OBJC_EXCEPTIONS = YES;
				GCC_OPTIMIZATION_LEVEL = 0;
				GCC_PREPROCESSOR_DEFINITIONS = (
					"DEBUG=1",
					"$(inherited)",
				);
				GCC_SYMBOLS_PRIVATE_EXTERN = NO;
				GCC_WARN_64_TO_32_BIT_CONVERSION = YES;
				GCC_WARN_ABOUT_RETURN_TYPE = YES;
				GCC_WARN_UNINITIALIZED_AUTOS = YES;
				GCC_WARN_UNUSED_VARIABLE = YES;
				MACOSX_DEPLOYMENT_TARGET = 10.8;
				ONLY_ACTIVE_ARCH = YES;
				SDKROOT = macosx;
			};
			name = Debug;
		};
		423ABB1017A32238004F289D /* Release */ = {
			isa = XCBuildConfiguration;
			buildSettings = {
				ALWAYS_SEARCH_USER_PATHS = NO;
				ARCHS = "$(ARCHS_STANDARD_64_BIT)";
				CLANG_CXX_LANGUAGE_STANDARD = "gnu++0x";
				CLANG_CXX_LIBRARY = "libc++";
				CLANG_WARN_CONSTANT_CONVERSION = YES;
				CLANG_WARN_EMPTY_BODY = YES;
				CLANG_WARN_ENUM_CONVERSION = YES;
				CLANG_WARN_INT_CONVERSION = YES;
				CLANG_WARN__DUPLICATE_METHOD_MATCH = YES;
				COPY_PHASE_STRIP = YES;
				DEBUG_INFORMATION_FORMAT = "dwarf-with-dsym";
				GCC_C_LANGUAGE_STANDARD = gnu99;
				GCC_ENABLE_OBJC_EXCEPTIONS = YES;
				GCC_WARN_64_TO_32_BIT_CONVERSION = YES;
				GCC_WARN_ABOUT_RETURN_TYPE = YES;
				GCC_WARN_UNINITIALIZED_AUTOS = YES;
				GCC_WARN_UNUSED_VARIABLE = YES;
				MACOSX_DEPLOYMENT_TARGET = 10.8;
				SDKROOT = macosx;
			};
			name = Release;
		};
		423ABB1217A32238004F289D /* Debug */ = {
			isa = XCBuildConfiguration;
			buildSettings = {
				COMBINE_HIDPI_IMAGES = YES;
				DYLIB_COMPATIBILITY_VERSION = 1;
				DYLIB_CURRENT_VERSION = 1;
				FRAMEWORK_SEARCH_PATHS = (
					"$(inherited)",
					"\"$(SRCROOT)/DerivedData/CORM/Build/Products/Debug\"",
				);
				FRAMEWORK_VERSION = A;
				GCC_PRECOMPILE_PREFIX_HEADER = YES;
				GCC_PREFIX_HEADER = "CORM/CORM-Prefix.pch";
				INFOPLIST_FILE = "CORM/CORM-Info.plist";
				PRODUCT_NAME = "$(TARGET_NAME)";
				WRAPPER_EXTENSION = framework;
			};
			name = Debug;
		};
		423ABB1317A32238004F289D /* Release */ = {
			isa = XCBuildConfiguration;
			buildSettings = {
				COMBINE_HIDPI_IMAGES = YES;
				DYLIB_COMPATIBILITY_VERSION = 1;
				DYLIB_CURRENT_VERSION = 1;
				FRAMEWORK_SEARCH_PATHS = (
					"$(inherited)",
					"\"$(SRCROOT)/DerivedData/CORM/Build/Products/Debug\"",
				);
				FRAMEWORK_VERSION = A;
				GCC_PRECOMPILE_PREFIX_HEADER = YES;
				GCC_PREFIX_HEADER = "CORM/CORM-Prefix.pch";
				INFOPLIST_FILE = "CORM/CORM-Info.plist";
				PRODUCT_NAME = "$(TARGET_NAME)";
				WRAPPER_EXTENSION = framework;
			};
			name = Release;
		};
		423ABB1517A32238004F289D /* Debug */ = {
			isa = XCBuildConfiguration;
			buildSettings = {
				COMBINE_HIDPI_IMAGES = YES;
				FRAMEWORK_SEARCH_PATHS = "\"$(DEVELOPER_LIBRARY_DIR)/Frameworks\"";
				GCC_PRECOMPILE_PREFIX_HEADER = YES;
				GCC_PREFIX_HEADER = "CORM/CORM-Prefix.pch";
				INFOPLIST_FILE = "CORMTests/CORMTests-Info.plist";
				PRODUCT_NAME = "$(TARGET_NAME)";
				WRAPPER_EXTENSION = octest;
			};
			name = Debug;
		};
		423ABB1617A32238004F289D /* Release */ = {
			isa = XCBuildConfiguration;
			buildSettings = {
				COMBINE_HIDPI_IMAGES = YES;
				FRAMEWORK_SEARCH_PATHS = "\"$(DEVELOPER_LIBRARY_DIR)/Frameworks\"";
				GCC_PRECOMPILE_PREFIX_HEADER = YES;
				GCC_PREFIX_HEADER = "CORM/CORM-Prefix.pch";
				INFOPLIST_FILE = "CORMTests/CORMTests-Info.plist";
				PRODUCT_NAME = "$(TARGET_NAME)";
				WRAPPER_EXTENSION = octest;
			};
			name = Release;
		};
/* End XCBuildConfiguration section */

/* Begin XCConfigurationList section */
		423ABAE117A32238004F289D /* Build configuration list for PBXProject "CORM" */ = {
			isa = XCConfigurationList;
			buildConfigurations = (
				423ABB0F17A32238004F289D /* Debug */,
				423ABB1017A32238004F289D /* Release */,
			);
			defaultConfigurationIsVisible = 0;
			defaultConfigurationName = Release;
		};
		423ABB1117A32238004F289D /* Build configuration list for PBXNativeTarget "CORM" */ = {
			isa = XCConfigurationList;
			buildConfigurations = (
				423ABB1217A32238004F289D /* Debug */,
				423ABB1317A32238004F289D /* Release */,
			);
			defaultConfigurationIsVisible = 0;
			defaultConfigurationName = Release;
		};
		423ABB1417A32238004F289D /* Build configuration list for PBXNativeTarget "CORMTests" */ = {
			isa = XCConfigurationList;
			buildConfigurations = (
				423ABB1517A32238004F289D /* Debug */,
				423ABB1617A32238004F289D /* Release */,
			);
			defaultConfigurationIsVisible = 0;
			defaultConfigurationName = Release;
		};
/* End XCConfigurationList section */
	};
	rootObject = 423ABADE17A32238004F289D /* Project object */;
}
